// !$*UTF8*$!
{
	archiveVersion = 1;
	classes = {
	};
	objectVersion = 46;
	objects = {

/* Begin PBXBuildFile section */
		070AEA741BAF232C00C09E29 /* StudentLocation.swift in Sources */ = {isa = PBXBuildFile; fileRef = 070AEA731BAF232C00C09E29 /* StudentLocation.swift */; settings = {ASSET_TAGS = (); }; };
		070AEA771BAF23CC00C09E29 /* Udacity.swift in Sources */ = {isa = PBXBuildFile; fileRef = 070AEA761BAF23CC00C09E29 /* Udacity.swift */; settings = {ASSET_TAGS = (); }; };
		070AEA791BAF23F500C09E29 /* Constants.swift in Sources */ = {isa = PBXBuildFile; fileRef = 070AEA781BAF23F500C09E29 /* Constants.swift */; settings = {ASSET_TAGS = (); }; };
		070AEA7B1BAF2FCE00C09E29 /* Parse.swift in Sources */ = {isa = PBXBuildFile; fileRef = 070AEA7A1BAF2FCE00C09E29 /* Parse.swift */; settings = {ASSET_TAGS = (); }; };
		070AEA7F1BAF332C00C09E29 /* URLVC.swift in Sources */ = {isa = PBXBuildFile; fileRef = 070AEA7E1BAF332C00C09E29 /* URLVC.swift */; settings = {ASSET_TAGS = (); }; };
		075C6CD21BAF149300CA7160 /* LoginVC.swift in Sources */ = {isa = PBXBuildFile; fileRef = 075C6CD11BAF149300CA7160 /* LoginVC.swift */; settings = {ASSET_TAGS = (); }; };
		075C6CD41BAF14A100CA7160 /* SignUpVC.swift in Sources */ = {isa = PBXBuildFile; fileRef = 075C6CD31BAF14A100CA7160 /* SignUpVC.swift */; settings = {ASSET_TAGS = (); }; };
		075C6CD61BAF14B300CA7160 /* MapVC.swift in Sources */ = {isa = PBXBuildFile; fileRef = 075C6CD51BAF14B300CA7160 /* MapVC.swift */; settings = {ASSET_TAGS = (); }; };
		075C6CD81BAF14C000CA7160 /* ListVC.swift in Sources */ = {isa = PBXBuildFile; fileRef = 075C6CD71BAF14C000CA7160 /* ListVC.swift */; settings = {ASSET_TAGS = (); }; };
		075C6CDA1BAF150200CA7160 /* AddLocationVC.swift in Sources */ = {isa = PBXBuildFile; fileRef = 075C6CD91BAF150200CA7160 /* AddLocationVC.swift */; settings = {ASSET_TAGS = (); }; };
		075C6CDC1BAF151A00CA7160 /* ConfirmLocationVC.swift in Sources */ = {isa = PBXBuildFile; fileRef = 075C6CDB1BAF151A00CA7160 /* ConfirmLocationVC.swift */; settings = {ASSET_TAGS = (); }; };
		075C6CDE1BAF155300CA7160 /* ShareLocationVC.swift in Sources */ = {isa = PBXBuildFile; fileRef = 075C6CDD1BAF155300CA7160 /* ShareLocationVC.swift */; settings = {ASSET_TAGS = (); }; };
		078942981BAEF224008E137A /* AppDelegate.swift in Sources */ = {isa = PBXBuildFile; fileRef = 078942971BAEF224008E137A /* AppDelegate.swift */; };
		0789429D1BAEF224008E137A /* Main.storyboard in Resources */ = {isa = PBXBuildFile; fileRef = 0789429B1BAEF224008E137A /* Main.storyboard */; };
		0789429F1BAEF224008E137A /* Assets.xcassets in Resources */ = {isa = PBXBuildFile; fileRef = 0789429E1BAEF224008E137A /* Assets.xcassets */; };
		078942A21BAEF224008E137A /* LaunchScreen.storyboard in Resources */ = {isa = PBXBuildFile; fileRef = 078942A01BAEF224008E137A /* LaunchScreen.storyboard */; };
		078942AD1BAEF224008E137A /* OnTheMapTests.swift in Sources */ = {isa = PBXBuildFile; fileRef = 078942AC1BAEF224008E137A /* OnTheMapTests.swift */; };
		078942B81BAEF224008E137A /* OnTheMapUITests.swift in Sources */ = {isa = PBXBuildFile; fileRef = 078942B71BAEF224008E137A /* OnTheMapUITests.swift */; };
		07A3B8A31BAFF8750076BA29 /* Reachability.swift in Sources */ = {isa = PBXBuildFile; fileRef = 07A3B8A21BAFF8750076BA29 /* Reachability.swift */; settings = {ASSET_TAGS = (); }; };
		07A3B8A51BAFF9470076BA29 /* SystemConfiguration.framework in Frameworks */ = {isa = PBXBuildFile; fileRef = 07A3B8A41BAFF9470076BA29 /* SystemConfiguration.framework */; };
		07A3B8A91BB003820076BA29 /* PresentMessage.swift in Sources */ = {isa = PBXBuildFile; fileRef = 07A3B8A81BB003820076BA29 /* PresentMessage.swift */; settings = {ASSET_TAGS = (); }; };
/* End PBXBuildFile section */

/* Begin PBXContainerItemProxy section */
		078942A91BAEF224008E137A /* PBXContainerItemProxy */ = {
			isa = PBXContainerItemProxy;
			containerPortal = 0789428C1BAEF224008E137A /* Project object */;
			proxyType = 1;
			remoteGlobalIDString = 078942931BAEF224008E137A;
			remoteInfo = OnTheMap;
		};
		078942B41BAEF224008E137A /* PBXContainerItemProxy */ = {
			isa = PBXContainerItemProxy;
			containerPortal = 0789428C1BAEF224008E137A /* Project object */;
			proxyType = 1;
			remoteGlobalIDString = 078942931BAEF224008E137A;
			remoteInfo = OnTheMap;
		};
/* End PBXContainerItemProxy section */

/* Begin PBXFileReference section */
		070AEA731BAF232C00C09E29 /* StudentLocation.swift */ = {isa = PBXFileReference; fileEncoding = 4; lastKnownFileType = sourcecode.swift; path = StudentLocation.swift; sourceTree = "<group>"; };
		070AEA761BAF23CC00C09E29 /* Udacity.swift */ = {isa = PBXFileReference; fileEncoding = 4; lastKnownFileType = sourcecode.swift; path = Udacity.swift; sourceTree = "<group>"; };
		070AEA781BAF23F500C09E29 /* Constants.swift */ = {isa = PBXFileReference; fileEncoding = 4; lastKnownFileType = sourcecode.swift; path = Constants.swift; sourceTree = "<group>"; };
		070AEA7A1BAF2FCE00C09E29 /* Parse.swift */ = {isa = PBXFileReference; fileEncoding = 4; lastKnownFileType = sourcecode.swift; path = Parse.swift; sourceTree = "<group>"; };
		070AEA7E1BAF332C00C09E29 /* URLVC.swift */ = {isa = PBXFileReference; fileEncoding = 4; lastKnownFileType = sourcecode.swift; path = URLVC.swift; sourceTree = "<group>"; };
		075C6CD11BAF149300CA7160 /* LoginVC.swift */ = {isa = PBXFileReference; fileEncoding = 4; lastKnownFileType = sourcecode.swift; path = LoginVC.swift; sourceTree = "<group>"; };
		075C6CD31BAF14A100CA7160 /* SignUpVC.swift */ = {isa = PBXFileReference; fileEncoding = 4; lastKnownFileType = sourcecode.swift; path = SignUpVC.swift; sourceTree = "<group>"; };
		075C6CD51BAF14B300CA7160 /* MapVC.swift */ = {isa = PBXFileReference; fileEncoding = 4; lastKnownFileType = sourcecode.swift; path = MapVC.swift; sourceTree = "<group>"; };
		075C6CD71BAF14C000CA7160 /* ListVC.swift */ = {isa = PBXFileReference; fileEncoding = 4; lastKnownFileType = sourcecode.swift; path = ListVC.swift; sourceTree = "<group>"; };
		075C6CD91BAF150200CA7160 /* AddLocationVC.swift */ = {isa = PBXFileReference; fileEncoding = 4; lastKnownFileType = sourcecode.swift; path = AddLocationVC.swift; sourceTree = "<group>"; };
		075C6CDB1BAF151A00CA7160 /* ConfirmLocationVC.swift */ = {isa = PBXFileReference; fileEncoding = 4; lastKnownFileType = sourcecode.swift; path = ConfirmLocationVC.swift; sourceTree = "<group>"; };
		075C6CDD1BAF155300CA7160 /* ShareLocationVC.swift */ = {isa = PBXFileReference; fileEncoding = 4; lastKnownFileType = sourcecode.swift; path = ShareLocationVC.swift; sourceTree = "<group>"; };
		078942941BAEF224008E137A /* OnTheMap.app */ = {isa = PBXFileReference; explicitFileType = wrapper.application; includeInIndex = 0; path = OnTheMap.app; sourceTree = BUILT_PRODUCTS_DIR; };
		078942971BAEF224008E137A /* AppDelegate.swift */ = {isa = PBXFileReference; lastKnownFileType = sourcecode.swift; path = AppDelegate.swift; sourceTree = "<group>"; };
		0789429C1BAEF224008E137A /* Base */ = {isa = PBXFileReference; lastKnownFileType = file.storyboard; name = Base; path = Base.lproj/Main.storyboard; sourceTree = "<group>"; };
		0789429E1BAEF224008E137A /* Assets.xcassets */ = {isa = PBXFileReference; lastKnownFileType = folder.assetcatalog; path = Assets.xcassets; sourceTree = "<group>"; };
		078942A11BAEF224008E137A /* Base */ = {isa = PBXFileReference; lastKnownFileType = file.storyboard; name = Base; path = Base.lproj/LaunchScreen.storyboard; sourceTree = "<group>"; };
		078942A31BAEF224008E137A /* Info.plist */ = {isa = PBXFileReference; lastKnownFileType = text.plist.xml; path = Info.plist; sourceTree = "<group>"; };
		078942A81BAEF224008E137A /* OnTheMapTests.xctest */ = {isa = PBXFileReference; explicitFileType = wrapper.cfbundle; includeInIndex = 0; path = OnTheMapTests.xctest; sourceTree = BUILT_PRODUCTS_DIR; };
		078942AC1BAEF224008E137A /* OnTheMapTests.swift */ = {isa = PBXFileReference; lastKnownFileType = sourcecode.swift; path = OnTheMapTests.swift; sourceTree = "<group>"; };
		078942AE1BAEF224008E137A /* Info.plist */ = {isa = PBXFileReference; lastKnownFileType = text.plist.xml; path = Info.plist; sourceTree = "<group>"; };
		078942B31BAEF224008E137A /* OnTheMapUITests.xctest */ = {isa = PBXFileReference; explicitFileType = wrapper.cfbundle; includeInIndex = 0; path = OnTheMapUITests.xctest; sourceTree = BUILT_PRODUCTS_DIR; };
		078942B71BAEF224008E137A /* OnTheMapUITests.swift */ = {isa = PBXFileReference; lastKnownFileType = sourcecode.swift; path = OnTheMapUITests.swift; sourceTree = "<group>"; };
		078942B91BAEF224008E137A /* Info.plist */ = {isa = PBXFileReference; lastKnownFileType = text.plist.xml; path = Info.plist; sourceTree = "<group>"; };
		07A3B8A21BAFF8750076BA29 /* Reachability.swift */ = {isa = PBXFileReference; fileEncoding = 4; lastKnownFileType = sourcecode.swift; path = Reachability.swift; sourceTree = "<group>"; };
		07A3B8A41BAFF9470076BA29 /* SystemConfiguration.framework */ = {isa = PBXFileReference; lastKnownFileType = wrapper.framework; name = SystemConfiguration.framework; path = System/Library/Frameworks/SystemConfiguration.framework; sourceTree = SDKROOT; };
		07A3B8A81BB003820076BA29 /* PresentMessage.swift */ = {isa = PBXFileReference; fileEncoding = 4; lastKnownFileType = sourcecode.swift; name = PresentMessage.swift; path = ../PresentMessage.swift; sourceTree = "<group>"; };
/* End PBXFileReference section */

/* Begin PBXFrameworksBuildPhase section */
		078942911BAEF224008E137A /* Frameworks */ = {
			isa = PBXFrameworksBuildPhase;
			buildActionMask = 2147483647;
			files = (
				07A3B8A51BAFF9470076BA29 /* SystemConfiguration.framework in Frameworks */,
			);
			runOnlyForDeploymentPostprocessing = 0;
		};
		078942A51BAEF224008E137A /* Frameworks */ = {
			isa = PBXFrameworksBuildPhase;
			buildActionMask = 2147483647;
			files = (
			);
			runOnlyForDeploymentPostprocessing = 0;
		};
		078942B01BAEF224008E137A /* Frameworks */ = {
			isa = PBXFrameworksBuildPhase;
			buildActionMask = 2147483647;
			files = (
			);
			runOnlyForDeploymentPostprocessing = 0;
		};
/* End PBXFrameworksBuildPhase section */

/* Begin PBXGroup section */
		070AEA751BAF235000C09E29 /* Model */ = {
			isa = PBXGroup;
			children = (
				070AEA731BAF232C00C09E29 /* StudentLocation.swift */,
			);
			name = Model;
			sourceTree = "<group>";
		};
		0789428B1BAEF224008E137A = {
			isa = PBXGroup;
			children = (
				078942961BAEF224008E137A /* OnTheMap */,
				078942C61BAEF303008E137A /* Supporting Files */,
				078942AB1BAEF224008E137A /* OnTheMapTests */,
				078942B61BAEF224008E137A /* OnTheMapUITests */,
				078942951BAEF224008E137A /* Products */,
			);
			sourceTree = "<group>";
		};
		078942951BAEF224008E137A /* Products */ = {
			isa = PBXGroup;
			children = (
				078942941BAEF224008E137A /* OnTheMap.app */,
				078942A81BAEF224008E137A /* OnTheMapTests.xctest */,
				078942B31BAEF224008E137A /* OnTheMapUITests.xctest */,
			);
			name = Products;
			sourceTree = "<group>";
		};
		078942961BAEF224008E137A /* OnTheMap */ = {
			isa = PBXGroup;
			children = (
				070AEA761BAF23CC00C09E29 /* Udacity.swift */,
				070AEA7A1BAF2FCE00C09E29 /* Parse.swift */,
				070AEA781BAF23F500C09E29 /* Constants.swift */,
				070AEA751BAF235000C09E29 /* Model */,
				078942C71BAEF310008E137A /* View Controllers */,
				078942C51BAEF2EE008E137A /* Storyboards */,
			);
			path = OnTheMap;
			sourceTree = "<group>";
		};
		078942AB1BAEF224008E137A /* OnTheMapTests */ = {
			isa = PBXGroup;
			children = (
				078942AC1BAEF224008E137A /* OnTheMapTests.swift */,
				078942AE1BAEF224008E137A /* Info.plist */,
			);
			path = OnTheMapTests;
			sourceTree = "<group>";
		};
		078942B61BAEF224008E137A /* OnTheMapUITests */ = {
			isa = PBXGroup;
			children = (
				078942B71BAEF224008E137A /* OnTheMapUITests.swift */,
				078942B91BAEF224008E137A /* Info.plist */,
			);
			path = OnTheMapUITests;
			sourceTree = "<group>";
		};
		078942C51BAEF2EE008E137A /* Storyboards */ = {
			isa = PBXGroup;
			children = (
				0789429B1BAEF224008E137A /* Main.storyboard */,
				078942A01BAEF224008E137A /* LaunchScreen.storyboard */,
			);
			name = Storyboards;
			sourceTree = "<group>";
		};
		078942C61BAEF303008E137A /* Supporting Files */ = {
			isa = PBXGroup;
			children = (
				078942971BAEF224008E137A /* AppDelegate.swift */,
				07A3B8A81BB003820076BA29 /* PresentMessage.swift */,
				07A3B8A21BAFF8750076BA29 /* Reachability.swift */,
				07A3B8A41BAFF9470076BA29 /* SystemConfiguration.framework */,
				0789429E1BAEF224008E137A /* Assets.xcassets */,
				078942A31BAEF224008E137A /* Info.plist */,
			);
			name = "Supporting Files";
			path = OnTheMap;
			sourceTree = "<group>";
		};
		078942C71BAEF310008E137A /* View Controllers */ = {
			isa = PBXGroup;
			children = (
				075C6CD11BAF149300CA7160 /* LoginVC.swift */,
				075C6CD31BAF14A100CA7160 /* SignUpVC.swift */,
				070AEA7E1BAF332C00C09E29 /* URLVC.swift */,
				075C6CD51BAF14B300CA7160 /* MapVC.swift */,
				075C6CD71BAF14C000CA7160 /* ListVC.swift */,
				075C6CD91BAF150200CA7160 /* AddLocationVC.swift */,
				075C6CDB1BAF151A00CA7160 /* ConfirmLocationVC.swift */,
				075C6CDD1BAF155300CA7160 /* ShareLocationVC.swift */,
			);
			name = "View Controllers";
			sourceTree = "<group>";
		};
/* End PBXGroup section */

/* Begin PBXNativeTarget section */
		078942931BAEF224008E137A /* OnTheMap */ = {
			isa = PBXNativeTarget;
			buildConfigurationList = 078942BC1BAEF224008E137A /* Build configuration list for PBXNativeTarget "OnTheMap" */;
			buildPhases = (
				078942901BAEF224008E137A /* Sources */,
				078942911BAEF224008E137A /* Frameworks */,
				078942921BAEF224008E137A /* Resources */,
			);
			buildRules = (
			);
			dependencies = (
			);
			name = OnTheMap;
			productName = OnTheMap;
			productReference = 078942941BAEF224008E137A /* OnTheMap.app */;
			productType = "com.apple.product-type.application";
		};
		078942A71BAEF224008E137A /* OnTheMapTests */ = {
			isa = PBXNativeTarget;
			buildConfigurationList = 078942BF1BAEF224008E137A /* Build configuration list for PBXNativeTarget "OnTheMapTests" */;
			buildPhases = (
				078942A41BAEF224008E137A /* Sources */,
				078942A51BAEF224008E137A /* Frameworks */,
				078942A61BAEF224008E137A /* Resources */,
			);
			buildRules = (
			);
			dependencies = (
				078942AA1BAEF224008E137A /* PBXTargetDependency */,
			);
			name = OnTheMapTests;
			productName = OnTheMapTests;
			productReference = 078942A81BAEF224008E137A /* OnTheMapTests.xctest */;
			productType = "com.apple.product-type.bundle.unit-test";
		};
		078942B21BAEF224008E137A /* OnTheMapUITests */ = {
			isa = PBXNativeTarget;
			buildConfigurationList = 078942C21BAEF224008E137A /* Build configuration list for PBXNativeTarget "OnTheMapUITests" */;
			buildPhases = (
				078942AF1BAEF224008E137A /* Sources */,
				078942B01BAEF224008E137A /* Frameworks */,
				078942B11BAEF224008E137A /* Resources */,
			);
			buildRules = (
			);
			dependencies = (
				078942B51BAEF224008E137A /* PBXTargetDependency */,
			);
			name = OnTheMapUITests;
			productName = OnTheMapUITests;
			productReference = 078942B31BAEF224008E137A /* OnTheMapUITests.xctest */;
			productType = "com.apple.product-type.bundle.ui-testing";
		};
/* End PBXNativeTarget section */

/* Begin PBXProject section */
		0789428C1BAEF224008E137A /* Project object */ = {
			isa = PBXProject;
			attributes = {
				LastUpgradeCheck = 0700;
				ORGANIZATIONNAME = "Omar Albeik";
				TargetAttributes = {
					078942931BAEF224008E137A = {
						CreatedOnToolsVersion = 7.0;
					};
					078942A71BAEF224008E137A = {
						CreatedOnToolsVersion = 7.0;
						TestTargetID = 078942931BAEF224008E137A;
					};
					078942B21BAEF224008E137A = {
						CreatedOnToolsVersion = 7.0;
						TestTargetID = 078942931BAEF224008E137A;
					};
				};
			};
			buildConfigurationList = 0789428F1BAEF224008E137A /* Build configuration list for PBXProject "OnTheMap" */;
			compatibilityVersion = "Xcode 3.2";
			developmentRegion = English;
			hasScannedForEncodings = 0;
			knownRegions = (
				en,
				Base,
			);
			mainGroup = 0789428B1BAEF224008E137A;
			productRefGroup = 078942951BAEF224008E137A /* Products */;
			projectDirPath = "";
			projectRoot = "";
			targets = (
				078942931BAEF224008E137A /* OnTheMap */,
				078942A71BAEF224008E137A /* OnTheMapTests */,
				078942B21BAEF224008E137A /* OnTheMapUITests */,
			);
		};
/* End PBXProject section */

/* Begin PBXResourcesBuildPhase section */
		078942921BAEF224008E137A /* Resources */ = {
			isa = PBXResourcesBuildPhase;
			buildActionMask = 2147483647;
			files = (
				078942A21BAEF224008E137A /* LaunchScreen.storyboard in Resources */,
				0789429F1BAEF224008E137A /* Assets.xcassets in Resources */,
				0789429D1BAEF224008E137A /* Main.storyboard in Resources */,
			);
			runOnlyForDeploymentPostprocessing = 0;
		};
		078942A61BAEF224008E137A /* Resources */ = {
			isa = PBXResourcesBuildPhase;
			buildActionMask = 2147483647;
			files = (
			);
			runOnlyForDeploymentPostprocessing = 0;
		};
		078942B11BAEF224008E137A /* Resources */ = {
			isa = PBXResourcesBuildPhase;
			buildActionMask = 2147483647;
			files = (
			);
			runOnlyForDeploymentPostprocessing = 0;
		};
/* End PBXResourcesBuildPhase section */

/* Begin PBXSourcesBuildPhase section */
		078942901BAEF224008E137A /* Sources */ = {
			isa = PBXSourcesBuildPhase;
			buildActionMask = 2147483647;
			files = (
				070AEA741BAF232C00C09E29 /* StudentLocation.swift in Sources */,
				070AEA7B1BAF2FCE00C09E29 /* Parse.swift in Sources */,
				070AEA7F1BAF332C00C09E29 /* URLVC.swift in Sources */,
				070AEA791BAF23F500C09E29 /* Constants.swift in Sources */,
				07A3B8A91BB003820076BA29 /* PresentMessage.swift in Sources */,
				075C6CD41BAF14A100CA7160 /* SignUpVC.swift in Sources */,
				075C6CDA1BAF150200CA7160 /* AddLocationVC.swift in Sources */,
				075C6CD21BAF149300CA7160 /* LoginVC.swift in Sources */,
				07A3B8A31BAFF8750076BA29 /* Reachability.swift in Sources */,
				078942981BAEF224008E137A /* AppDelegate.swift in Sources */,
				075C6CDC1BAF151A00CA7160 /* ConfirmLocationVC.swift in Sources */,
				075C6CDE1BAF155300CA7160 /* ShareLocationVC.swift in Sources */,
				075C6CD81BAF14C000CA7160 /* ListVC.swift in Sources */,
				075C6CD61BAF14B300CA7160 /* MapVC.swift in Sources */,
				070AEA771BAF23CC00C09E29 /* Udacity.swift in Sources */,
			);
			runOnlyForDeploymentPostprocessing = 0;
		};
		078942A41BAEF224008E137A /* Sources */ = {
			isa = PBXSourcesBuildPhase;
			buildActionMask = 2147483647;
			files = (
				078942AD1BAEF224008E137A /* OnTheMapTests.swift in Sources */,
			);
			runOnlyForDeploymentPostprocessing = 0;
		};
		078942AF1BAEF224008E137A /* Sources */ = {
			isa = PBXSourcesBuildPhase;
			buildActionMask = 2147483647;
			files = (
				078942B81BAEF224008E137A /* OnTheMapUITests.swift in Sources */,
			);
			runOnlyForDeploymentPostprocessing = 0;
		};
/* End PBXSourcesBuildPhase section */

/* Begin PBXTargetDependency section */
		078942AA1BAEF224008E137A /* PBXTargetDependency */ = {
			isa = PBXTargetDependency;
			target = 078942931BAEF224008E137A /* OnTheMap */;
			targetProxy = 078942A91BAEF224008E137A /* PBXContainerItemProxy */;
		};
		078942B51BAEF224008E137A /* PBXTargetDependency */ = {
			isa = PBXTargetDependency;
			target = 078942931BAEF224008E137A /* OnTheMap */;
			targetProxy = 078942B41BAEF224008E137A /* PBXContainerItemProxy */;
		};
/* End PBXTargetDependency section */

/* Begin PBXVariantGroup section */
		0789429B1BAEF224008E137A /* Main.storyboard */ = {
			isa = PBXVariantGroup;
			children = (
				0789429C1BAEF224008E137A /* Base */,
			);
			name = Main.storyboard;
			sourceTree = "<group>";
		};
		078942A01BAEF224008E137A /* LaunchScreen.storyboard */ = {
			isa = PBXVariantGroup;
			children = (
				078942A11BAEF224008E137A /* Base */,
			);
			name = LaunchScreen.storyboard;
			sourceTree = "<group>";
		};
/* End PBXVariantGroup section */

/* Begin XCBuildConfiguration section */
		078942BA1BAEF224008E137A /* Debug */ = {
			isa = XCBuildConfiguration;
			buildSettings = {
				ALWAYS_SEARCH_USER_PATHS = NO;
				CLANG_CXX_LANGUAGE_STANDARD = "gnu++0x";
				CLANG_CXX_LIBRARY = "libc++";
				CLANG_ENABLE_MODULES = YES;
				CLANG_ENABLE_OBJC_ARC = YES;
				CLANG_WARN_BOOL_CONVERSION = YES;
				CLANG_WARN_CONSTANT_CONVERSION = YES;
				CLANG_WARN_DIRECT_OBJC_ISA_USAGE = YES_ERROR;
				CLANG_WARN_EMPTY_BODY = YES;
				CLANG_WARN_ENUM_CONVERSION = YES;
				CLANG_WARN_INT_CONVERSION = YES;
				CLANG_WARN_OBJC_ROOT_CLASS = YES_ERROR;
				CLANG_WARN_UNREACHABLE_CODE = YES;
				CLANG_WARN__DUPLICATE_METHOD_MATCH = YES;
				"CODE_SIGN_IDENTITY[sdk=iphoneos*]" = "iPhone Developer";
				COPY_PHASE_STRIP = NO;
				DEBUG_INFORMATION_FORMAT = dwarf;
				ENABLE_STRICT_OBJC_MSGSEND = YES;
				ENABLE_TESTABILITY = YES;
				GCC_C_LANGUAGE_STANDARD = gnu99;
				GCC_DYNAMIC_NO_PIC = NO;
				GCC_NO_COMMON_BLOCKS = YES;
				GCC_OPTIMIZATION_LEVEL = 0;
				GCC_PREPROCESSOR_DEFINITIONS = (
					"DEBUG=1",
					"$(inherited)",
				);
				GCC_WARN_64_TO_32_BIT_CONVERSION = YES;
				GCC_WARN_ABOUT_RETURN_TYPE = YES_ERROR;
				GCC_WARN_UNDECLARED_SELECTOR = YES;
				GCC_WARN_UNINITIALIZED_AUTOS = YES_AGGRESSIVE;
				GCC_WARN_UNUSED_FUNCTION = YES;
				GCC_WARN_UNUSED_VARIABLE = YES;
				IPHONEOS_DEPLOYMENT_TARGET = 9.0;
				MTL_ENABLE_DEBUG_INFO = YES;
				ONLY_ACTIVE_ARCH = YES;
				SDKROOT = iphoneos;
				SWIFT_OPTIMIZATION_LEVEL = "-Onone";
				TARGETED_DEVICE_FAMILY = "1,2";
			};
			name = Debug;
		};
		078942BB1BAEF224008E137A /* Release */ = {
			isa = XCBuildConfiguration;
			buildSettings = {
				ALWAYS_SEARCH_USER_PATHS = NO;
				CLANG_CXX_LANGUAGE_STANDARD = "gnu++0x";
				CLANG_CXX_LIBRARY = "libc++";
				CLANG_ENABLE_MODULES = YES;
				CLANG_ENABLE_OBJC_ARC = YES;
				CLANG_WARN_BOOL_CONVERSION = YES;
				CLANG_WARN_CONSTANT_CONVERSION = YES;
				CLANG_WARN_DIRECT_OBJC_ISA_USAGE = YES_ERROR;
				CLANG_WARN_EMPTY_BODY = YES;
				CLANG_WARN_ENUM_CONVERSION = YES;
				CLANG_WARN_INT_CONVERSION = YES;
				CLANG_WARN_OBJC_ROOT_CLASS = YES_ERROR;
				CLANG_WARN_UNREACHABLE_CODE = YES;
				CLANG_WARN__DUPLICATE_METHOD_MATCH = YES;
				"CODE_SIGN_IDENTITY[sdk=iphoneos*]" = "iPhone Developer";
				COPY_PHASE_STRIP = NO;
				DEBUG_INFORMATION_FORMAT = "dwarf-with-dsym";
				ENABLE_NS_ASSERTIONS = NO;
				ENABLE_STRICT_OBJC_MSGSEND = YES;
				GCC_C_LANGUAGE_STANDARD = gnu99;
				GCC_NO_COMMON_BLOCKS = YES;
				GCC_WARN_64_TO_32_BIT_CONVERSION = YES;
				GCC_WARN_ABOUT_RETURN_TYPE = YES_ERROR;
				GCC_WARN_UNDECLARED_SELECTOR = YES;
				GCC_WARN_UNINITIALIZED_AUTOS = YES_AGGRESSIVE;
				GCC_WARN_UNUSED_FUNCTION = YES;
				GCC_WARN_UNUSED_VARIABLE = YES;
				IPHONEOS_DEPLOYMENT_TARGET = 9.0;
				MTL_ENABLE_DEBUG_INFO = NO;
				SDKROOT = iphoneos;
				TARGETED_DEVICE_FAMILY = "1,2";
				VALIDATE_PRODUCT = YES;
			};
			name = Release;
		};
		078942BD1BAEF224008E137A /* Debug */ = {
			isa = XCBuildConfiguration;
			buildSettings = {
				ASSETCATALOG_COMPILER_APPICON_NAME = AppIcon;
				INFOPLIST_FILE = OnTheMap/Info.plist;
				LD_RUNPATH_SEARCH_PATHS = "$(inherited) @executable_path/Frameworks";
				PRODUCT_BUNDLE_IDENTIFIER = com.omaralbeik.OnTheMap;
				PRODUCT_NAME = "$(TARGET_NAME)";
			};
			name = Debug;
		};
		078942BE1BAEF224008E137A /* Release */ = {
			isa = XCBuildConfiguration;
			buildSettings = {
				ASSETCATALOG_COMPILER_APPICON_NAME = AppIcon;
				INFOPLIST_FILE = OnTheMap/Info.plist;
				LD_RUNPATH_SEARCH_PATHS = "$(inherited) @executable_path/Frameworks";
				PRODUCT_BUNDLE_IDENTIFIER = com.omaralbeik.OnTheMap;
				PRODUCT_NAME = "$(TARGET_NAME)";
			};
			name = Release;
		};
		078942C01BAEF224008E137A /* Debug */ = {
			isa = XCBuildConfiguration;
			buildSettings = {
				BUNDLE_LOADER = "$(TEST_HOST)";
				INFOPLIST_FILE = OnTheMapTests/Info.plist;
				LD_RUNPATH_SEARCH_PATHS = "$(inherited) @executable_path/Frameworks @loader_path/Frameworks";
				PRODUCT_BUNDLE_IDENTIFIER = com.omaralbeik.OnTheMapTests;
				PRODUCT_NAME = "$(TARGET_NAME)";
				TEST_HOST = "$(BUILT_PRODUCTS_DIR)/OnTheMap.app/OnTheMap";
			};
			name = Debug;
		};
		078942C11BAEF224008E137A /* Release */ = {
			isa = XCBuildConfiguration;
			buildSettings = {
				BUNDLE_LOADER = "$(TEST_HOST)";
				INFOPLIST_FILE = OnTheMapTests/Info.plist;
				LD_RUNPATH_SEARCH_PATHS = "$(inherited) @executable_path/Frameworks @loader_path/Frameworks";
				PRODUCT_BUNDLE_IDENTIFIER = com.omaralbeik.OnTheMapTests;
				PRODUCT_NAME = "$(TARGET_NAME)";
				TEST_HOST = "$(BUILT_PRODUCTS_DIR)/OnTheMap.app/OnTheMap";
			};
			name = Release;
		};
		078942C31BAEF224008E137A /* Debug */ = {
			isa = XCBuildConfiguration;
			buildSettings = {
				INFOPLIST_FILE = OnTheMapUITests/Info.plist;
				LD_RUNPATH_SEARCH_PATHS = "$(inherited) @executable_path/Frameworks @loader_path/Frameworks";
				PRODUCT_BUNDLE_IDENTIFIER = com.omaralbeik.OnTheMapUITests;
				PRODUCT_NAME = "$(TARGET_NAME)";
				TEST_TARGET_NAME = OnTheMap;
				USES_XCTRUNNER = YES;
			};
			name = Debug;
		};
		078942C41BAEF224008E137A /* Release */ = {
			isa = XCBuildConfiguration;
			buildSettings = {
				INFOPLIST_FILE = OnTheMapUITests/Info.plist;
				LD_RUNPATH_SEARCH_PATHS = "$(inherited) @executable_path/Frameworks @loader_path/Frameworks";
				PRODUCT_BUNDLE_IDENTIFIER = com.omaralbeik.OnTheMapUITests;
				PRODUCT_NAME = "$(TARGET_NAME)";
				TEST_TARGET_NAME = OnTheMap;
				USES_XCTRUNNER = YES;
			};
			name = Release;
		};
/* End XCBuildConfiguration section */

/* Begin XCConfigurationList section */
		0789428F1BAEF224008E137A /* Build configuration list for PBXProject "OnTheMap" */ = {
			isa = XCConfigurationList;
			buildConfigurations = (
				078942BA1BAEF224008E137A /* Debug */,
				078942BB1BAEF224008E137A /* Release */,
			);
			defaultConfigurationIsVisible = 0;
			defaultConfigurationName = Release;
		};
		078942BC1BAEF224008E137A /* Build configuration list for PBXNativeTarget "OnTheMap" */ = {
			isa = XCConfigurationList;
			buildConfigurations = (
				078942BD1BAEF224008E137A /* Debug */,
				078942BE1BAEF224008E137A /* Release */,
			);
			defaultConfigurationIsVisible = 0;
			defaultConfigurationName = Release;
		};
		078942BF1BAEF224008E137A /* Build configuration list for PBXNativeTarget "OnTheMapTests" */ = {
			isa = XCConfigurationList;
			buildConfigurations = (
				078942C01BAEF224008E137A /* Debug */,
				078942C11BAEF224008E137A /* Release */,
			);
			defaultConfigurationIsVisible = 0;
			defaultConfigurationName = Release;
		};
		078942C21BAEF224008E137A /* Build configuration list for PBXNativeTarget "OnTheMapUITests" */ = {
			isa = XCConfigurationList;
			buildConfigurations = (
				078942C31BAEF224008E137A /* Debug */,
				078942C41BAEF224008E137A /* Release */,
			);
			defaultConfigurationIsVisible = 0;
			defaultConfigurationName = Release;
		};
/* End XCConfigurationList section */
	};
	rootObject = 0789428C1BAEF224008E137A /* Project object */;
}
